
Microsoft Visual Studio Solution File, Format Version 12.00
# Visual Studio Version 16
VisualStudioVersion = 16.0.31410.357
MinimumVisualStudioVersion = 10.0.40219.1
Project("{FAE04EC0-301F-11D3-BF4B-00C04F79EFBC}") = "TodoList.Android", "TodoList.Android\TodoList.Android.csproj", "{A5A7DAAD-355A-43CA-8734-1642E98697CB}"
EndProject
Project("{FAE04EC0-301F-11D3-BF4B-00C04F79EFBC}") = "TodoList.iOS", "TodoList.iOS\TodoList.iOS.csproj", "{5BED4D74-11F1-4015-A3AB-241572A3B657}"
EndProject
Project("{FAE04EC0-301F-11D3-BF4B-00C04F79EFBC}") = "TodoList", "TodoList\TodoList.csproj", "{B49619C4-AD04-4B9A-8239-2FBDB4D36BDE}"
EndProject
Global
	GlobalSection(SolutionConfigurationPlatforms) = preSolution
		Debug|Any CPU = Debug|Any CPU
		Debug|iPhone = Debug|iPhone
		Debug|iPhoneSimulator = Debug|iPhoneSimulator
		Release|Any CPU = Release|Any CPU
		Release|iPhone = Release|iPhone
		Release|iPhoneSimulator = Release|iPhoneSimulator
	EndGlobalSection
	GlobalSection(ProjectConfigurationPlatforms) = postSolution
		{A5A7DAAD-355A-43CA-8734-1642E98697CB}.Debug|Any CPU.ActiveCfg = Debug|Any CPU
		{A5A7DAAD-355A-43CA-8734-1642E98697CB}.Debug|Any CPU.Build.0 = Debug|Any CPU
		{A5A7DAAD-355A-43CA-8734-1642E98697CB}.Debug|Any CPU.Deploy.0 = Debug|Any CPU
		{A5A7DAAD-355A-43CA-8734-1642E98697CB}.Debug|iPhone.ActiveCfg = Debug|Any CPU
		{A5A7DAAD-355A-43CA-8734-1642E98697CB}.Debug|iPhone.Build.0 = Debug|Any CPU
		{A5A7DAAD-355A-43CA-8734-1642E98697CB}.Debug|iPhone.Deploy.0 = Debug|Any CPU
		{A5A7DAAD-355A-43CA-8734-1642E98697CB}.Debug|iPhoneSimulator.ActiveCfg = Debug|Any CPU
		{A5A7DAAD-355A-43CA-8734-1642E98697CB}.Debug|iPhoneSimulator.Build.0 = Debug|Any CPU
		{A5A7DAAD-355A-43CA-8734-1642E98697CB}.Debug|iPhoneSimulator.Deploy.0 = Debug|Any CPU
		{A5A7DAAD-355A-43CA-8734-1642E98697CB}.Release|Any CPU.ActiveCfg = Release|Any CPU
		{A5A7DAAD-355A-43CA-8734-1642E98697CB}.Release|Any CPU.Build.0 = Release|Any CPU
		{A5A7DAAD-355A-43CA-8734-1642E98697CB}.Release|Any CPU.Deploy.0 = Release|Any CPU
		{A5A7DAAD-355A-43CA-8734-1642E98697CB}.Release|iPhone.ActiveCfg = Release|Any CPU
		{A5A7DAAD-355A-43CA-8734-1642E98697CB}.Release|iPhone.Build.0 = Release|Any CPU
		{A5A7DAAD-355A-43CA-8734-1642E98697CB}.Release|iPhone.Deploy.0 = Release|Any CPU
		{A5A7DAAD-355A-43CA-8734-1642E98697CB}.Release|iPhoneSimulator.ActiveCfg = Release|Any CPU
		{A5A7DAAD-355A-43CA-8734-1642E98697CB}.Release|iPhoneSimulator.Build.0 = Release|Any CPU
		{A5A7DAAD-355A-43CA-8734-1642E98697CB}.Release|iPhoneSimulator.Deploy.0 = Release|Any CPU
		{5BED4D74-11F1-4015-A3AB-241572A3B657}.Debug|Any CPU.ActiveCfg = Debug|iPhone
		{5BED4D74-11F1-4015-A3AB-241572A3B657}.Debug|Any CPU.Build.0 = Debug|iPhone
		{5BED4D74-11F1-4015-A3AB-241572A3B657}.Debug|Any CPU.Deploy.0 = Debug|iPhone
		{5BED4D74-11F1-4015-A3AB-241572A3B657}.Debug|iPhone.ActiveCfg = Debug|iPhone
		{5BED4D74-11F1-4015-A3AB-241572A3B657}.Debug|iPhone.Build.0 = Debug|iPhone
		{5BED4D74-11F1-4015-A3AB-241572A3B657}.Debug|iPhone.Deploy.0 = Debug|iPhone
		{5BED4D74-11F1-4015-A3AB-241572A3B657}.Debug|iPhoneSimulator.ActiveCfg = Debug|iPhoneSimulator
		{5BED4D74-11F1-4015-A3AB-241572A3B657}.Debug|iPhoneSimulator.Build.0 = Debug|iPhoneSimulator
		{5BED4D74-11F1-4015-A3AB-241572A3B657}.Debug|iPhoneSimulator.Deploy.0 = Debug|iPhoneSimulator
		{5BED4D74-11F1-4015-A3AB-241572A3B657}.Release|Any CPU.ActiveCfg = Release|iPhoneSimulator
		{5BED4D74-11F1-4015-A3AB-241572A3B657}.Release|Any CPU.Build.0 = Release|iPhoneSimulator
		{5BED4D74-11F1-4015-A3AB-241572A3B657}.Release|Any CPU.Deploy.0 = Release|iPhoneSimulator
		{5BED4D74-11F1-4015-A3AB-241572A3B657}.Release|iPhone.ActiveCfg = Release|iPhone
		{5BED4D74-11F1-4015-A3AB-241572A3B657}.Release|iPhone.Build.0 = Release|iPhone
		{5BED4D74-11F1-4015-A3AB-241572A3B657}.Release|iPhone.Deploy.0 = Release|iPhone
		{5BED4D74-11F1-4015-A3AB-241572A3B657}.Release|iPhoneSimulator.ActiveCfg = Release|iPhoneSimulator
		{5BED4D74-11F1-4015-A3AB-241572A3B657}.Release|iPhoneSimulator.Build.0 = Release|iPhoneSimulator
		{5BED4D74-11F1-4015-A3AB-241572A3B657}.Release|iPhoneSimulator.Deploy.0 = Release|iPhoneSimulator
		{B49619C4-AD04-4B9A-8239-2FBDB4D36BDE}.Debug|Any CPU.ActiveCfg = Debug|Any CPU
		{B49619C4-AD04-4B9A-8239-2FBDB4D36BDE}.Debug|Any CPU.Build.0 = Debug|Any CPU
		{B49619C4-AD04-4B9A-8239-2FBDB4D36BDE}.Debug|Any CPU.Deploy.0 = Debug|Any CPU
		{B49619C4-AD04-4B9A-8239-2FBDB4D36BDE}.Debug|iPhone.ActiveCfg = Debug|Any CPU
		{B49619C4-AD04-4B9A-8239-2FBDB4D36BDE}.Debug|iPhone.Build.0 = Debug|Any CPU
		{B49619C4-AD04-4B9A-8239-2FBDB4D36BDE}.Debug|iPhone.Deploy.0 = Debug|Any CPU
		{B49619C4-AD04-4B9A-8239-2FBDB4D36BDE}.Debug|iPhoneSimulator.ActiveCfg = Debug|Any CPU
		{B49619C4-AD04-4B9A-8239-2FBDB4D36BDE}.Debug|iPhoneSimulator.Build.0 = Debug|Any CPU
		{B49619C4-AD04-4B9A-8239-2FBDB4D36BDE}.Debug|iPhoneSimulator.Deploy.0 = Debug|Any CPU
		{B49619C4-AD04-4B9A-8239-2FBDB4D36BDE}.Release|Any CPU.ActiveCfg = Release|Any CPU
		{B49619C4-AD04-4B9A-8239-2FBDB4D36BDE}.Release|Any CPU.Build.0 = Release|Any CPU
		{B49619C4-AD04-4B9A-8239-2FBDB4D36BDE}.Release|Any CPU.Deploy.0 = Release|Any CPU
		{B49619C4-AD04-4B9A-8239-2FBDB4D36BDE}.Release|iPhone.ActiveCfg = Release|Any CPU
		{B49619C4-AD04-4B9A-8239-2FBDB4D36BDE}.Release|iPhone.Build.0 = Release|Any CPU
		{B49619C4-AD04-4B9A-8239-2FBDB4D36BDE}.Release|iPhone.Deploy.0 = Release|Any CPU
		{B49619C4-AD04-4B9A-8239-2FBDB4D36BDE}.Release|iPhoneSimulator.ActiveCfg = Release|Any CPU
		{B49619C4-AD04-4B9A-8239-2FBDB4D36BDE}.Release|iPhoneSimulator.Build.0 = Release|Any CPU
		{B49619C4-AD04-4B9A-8239-2FBDB4D36BDE}.Release|iPhoneSimulator.Deploy.0 = Release|Any CPU
	EndGlobalSection
	GlobalSection(SolutionProperties) = preSolution
		HideSolutionNode = FALSE
	EndGlobalSection
	GlobalSection(ExtensibilityGlobals) = postSolution
		SolutionGuid = {0EF966EF-011A-4F62-9626-3A457C9B0156}
	EndGlobalSection
EndGlobal
